
Microsoft Visual Studio Solution File, Format Version 12.00
# Visual Studio Version 17
VisualStudioVersion = 17.5.001.0
MinimumVisualStudioVersion = 10.0.40219.1
Project("{9A19103F-16F7-4668-BE54-9A1E7A4F7556}") = "firstsample", "firstsample.csproj", "{8FF54C12-92B5-4CB7-8588-DC293B4E917C}"
EndProject
Global
	GlobalSection(SolutionConfigurationPlatforms) = preSolution
		Debug|Any CPU = Debug|Any CPU
		Release|Any CPU = Release|Any CPU
	EndGlobalSection
	GlobalSection(ProjectConfigurationPlatforms) = postSolution
		{8FF54C12-92B5-4CB7-8588-DC293B4E917C}.Debug|Any CPU.ActiveCfg = Debug|Any CPU
		{8FF54C12-92B5-4CB7-8588-DC293B4E917C}.Debug|Any CPU.Build.0 = Debug|Any CPU
		{8FF54C12-92B5-4CB7-8588-DC293B4E917C}.Release|Any CPU.ActiveCfg = Release|Any CPU
		{8FF54C12-92B5-4CB7-8588-DC293B4E917C}.Release|Any CPU.Build.0 = Release|Any CPU
	EndGlobalSection
	GlobalSection(SolutionProperties) = preSolution
		HideSolutionNode = FALSE
	EndGlobalSection
	GlobalSection(ExtensibilityGlobals) = postSolution
		SolutionGuid = {18AB3EBF-9418-4616-88FE-5E1224A4B569}
	EndGlobalSection
EndGlobal
