
Microsoft Visual Studio Solution File, Format Version 12.00
# Visual Studio Version 17
VisualStudioVersion = 17.4.33122.133
MinimumVisualStudioVersion = 10.0.40219.1
Project("{FAE04EC0-301F-11D3-BF4B-00C04F79EFBC}") = "DataReaderPoc", "DataReaderPoc\DataReaderPoc.csproj", "{BD3066E2-2718-4601-995E-00033C6043A4}"
EndProject
Project("{FAE04EC0-301F-11D3-BF4B-00C04F79EFBC}") = "DataReaderPoc.Lib", "DataReaderPoc.Lib\DataReaderPoc.Lib.csproj", "{C88021FB-2FC5-4586-8663-4323E4D81F04}"
EndProject
Project("{FAE04EC0-301F-11D3-BF4B-00C04F79EFBC}") = "DataReaderPoc.Lib.Tests", "DataReaderPoc.Lib.Tests\DataReaderPoc.Lib.Tests.csproj", "{94889F46-7FB9-4785-9CA7-870DA72701E9}"
EndProject
Global
	GlobalSection(SolutionConfigurationPlatforms) = preSolution
		Debug|Any CPU = Debug|Any CPU
		Release|Any CPU = Release|Any CPU
	EndGlobalSection
	GlobalSection(ProjectConfigurationPlatforms) = postSolution
		{BD3066E2-2718-4601-995E-00033C6043A4}.Debug|Any CPU.ActiveCfg = Debug|Any CPU
		{BD3066E2-2718-4601-995E-00033C6043A4}.Debug|Any CPU.Build.0 = Debug|Any CPU
		{BD3066E2-2718-4601-995E-00033C6043A4}.Release|Any CPU.ActiveCfg = Release|Any CPU
		{BD3066E2-2718-4601-995E-00033C6043A4}.Release|Any CPU.Build.0 = Release|Any CPU
		{C88021FB-2FC5-4586-8663-4323E4D81F04}.Debug|Any CPU.ActiveCfg = Debug|Any CPU
		{C88021FB-2FC5-4586-8663-4323E4D81F04}.Debug|Any CPU.Build.0 = Debug|Any CPU
		{C88021FB-2FC5-4586-8663-4323E4D81F04}.Release|Any CPU.ActiveCfg = Release|Any CPU
		{C88021FB-2FC5-4586-8663-4323E4D81F04}.Release|Any CPU.Build.0 = Release|Any CPU
		{94889F46-7FB9-4785-9CA7-870DA72701E9}.Debug|Any CPU.ActiveCfg = Debug|Any CPU
		{94889F46-7FB9-4785-9CA7-870DA72701E9}.Debug|Any CPU.Build.0 = Debug|Any CPU
		{94889F46-7FB9-4785-9CA7-870DA72701E9}.Release|Any CPU.ActiveCfg = Release|Any CPU
		{94889F46-7FB9-4785-9CA7-870DA72701E9}.Release|Any CPU.Build.0 = Release|Any CPU
	EndGlobalSection
	GlobalSection(SolutionProperties) = preSolution
		HideSolutionNode = FALSE
	EndGlobalSection
	GlobalSection(ExtensibilityGlobals) = postSolution
		SolutionGuid = {40A75D58-59C0-4CCE-BDE7-401E080049D6}
	EndGlobalSection
EndGlobal
