
Microsoft Visual Studio Solution File, Format Version 12.00
# Visual Studio Version 17
VisualStudioVersion = 17.4.33603.86
MinimumVisualStudioVersion = 10.0.40219.1
Project("{FAE04EC0-301F-11D3-BF4B-00C04F79EFBC}") = "JsonToCsv", "JsonToCsv\JsonToCsv.csproj", "{BA7B976E-E5D6-4C4B-80C8-542B0A006B4F}"
EndProject
Global
	GlobalSection(SolutionConfigurationPlatforms) = preSolution
		Debug|Any CPU = Debug|Any CPU
		Release|Any CPU = Release|Any CPU
	EndGlobalSection
	GlobalSection(ProjectConfigurationPlatforms) = postSolution
		{BA7B976E-E5D6-4C4B-80C8-542B0A006B4F}.Debug|Any CPU.ActiveCfg = Debug|Any CPU
		{BA7B976E-E5D6-4C4B-80C8-542B0A006B4F}.Debug|Any CPU.Build.0 = Debug|Any CPU
		{BA7B976E-E5D6-4C4B-80C8-542B0A006B4F}.Release|Any CPU.ActiveCfg = Release|Any CPU
		{BA7B976E-E5D6-4C4B-80C8-542B0A006B4F}.Release|Any CPU.Build.0 = Release|Any CPU
	EndGlobalSection
	GlobalSection(SolutionProperties) = preSolution
		HideSolutionNode = FALSE
	EndGlobalSection
	GlobalSection(ExtensibilityGlobals) = postSolution
		SolutionGuid = {A47CBE32-F2C2-45FA-9FDF-EAC20E4478BB}
	EndGlobalSection
EndGlobal
