
Microsoft Visual Studio Solution File, Format Version 12.00
# Visual Studio Version 17
VisualStudioVersion = 17.5.001.0
MinimumVisualStudioVersion = 10.0.40219.1
Project("{9A19103F-16F7-4668-BE54-9A1E7A4F7556}") = "BlobManager", "BlobManager.csproj", "{8127C95A-820A-4169-8844-60CF8D50BDCB}"
EndProject
Global
	GlobalSection(SolutionConfigurationPlatforms) = preSolution
		Debug|Any CPU = Debug|Any CPU
		Release|Any CPU = Release|Any CPU
	EndGlobalSection
	GlobalSection(ProjectConfigurationPlatforms) = postSolution
		{8127C95A-820A-4169-8844-60CF8D50BDCB}.Debug|Any CPU.ActiveCfg = Debug|Any CPU
		{8127C95A-820A-4169-8844-60CF8D50BDCB}.Debug|Any CPU.Build.0 = Debug|Any CPU
		{8127C95A-820A-4169-8844-60CF8D50BDCB}.Release|Any CPU.ActiveCfg = Release|Any CPU
		{8127C95A-820A-4169-8844-60CF8D50BDCB}.Release|Any CPU.Build.0 = Release|Any CPU
	EndGlobalSection
	GlobalSection(SolutionProperties) = preSolution
		HideSolutionNode = FALSE
	EndGlobalSection
	GlobalSection(ExtensibilityGlobals) = postSolution
		SolutionGuid = {98FFD906-ED6C-4D5E-A699-1673D764AA4E}
	EndGlobalSection
EndGlobal
