
Microsoft Visual Studio Solution File, Format Version 12.00
# Visual Studio Version 17
VisualStudioVersion = 17.4.33122.133
MinimumVisualStudioVersion = 10.0.40219.1
Project("{FAE04EC0-301F-11D3-BF4B-00C04F79EFBC}") = "thirdsample", "thirdsample\thirdsample.csproj", "{C3687CE3-A79F-4D2C-A00A-6B8808175C7F}"
EndProject
Global
	GlobalSection(SolutionConfigurationPlatforms) = preSolution
		Debug|Any CPU = Debug|Any CPU
		Release|Any CPU = Release|Any CPU
	EndGlobalSection
	GlobalSection(ProjectConfigurationPlatforms) = postSolution
		{C3687CE3-A79F-4D2C-A00A-6B8808175C7F}.Debug|Any CPU.ActiveCfg = Debug|Any CPU
		{C3687CE3-A79F-4D2C-A00A-6B8808175C7F}.Debug|Any CPU.Build.0 = Debug|Any CPU
		{C3687CE3-A79F-4D2C-A00A-6B8808175C7F}.Release|Any CPU.ActiveCfg = Release|Any CPU
		{C3687CE3-A79F-4D2C-A00A-6B8808175C7F}.Release|Any CPU.Build.0 = Release|Any CPU
	EndGlobalSection
	GlobalSection(SolutionProperties) = preSolution
		HideSolutionNode = FALSE
	EndGlobalSection
	GlobalSection(ExtensibilityGlobals) = postSolution
		SolutionGuid = {60D3FE82-CE1F-4F6B-A624-8FF42850A19B}
	EndGlobalSection
EndGlobal
