
Microsoft Visual Studio Solution File, Format Version 12.00
# Visual Studio Version 17
VisualStudioVersion = 17.4.33603.86
MinimumVisualStudioVersion = 10.0.40219.1
Project("{FAE04EC0-301F-11D3-BF4B-00C04F79EFBC}") = "CompletionDemo", "CompletionDemo\CompletionDemo.csproj", "{DB1244C7-0183-4647-BD11-34CF26D90FB9}"
EndProject
Global
	GlobalSection(SolutionConfigurationPlatforms) = preSolution
		Debug|Any CPU = Debug|Any CPU
		Release|Any CPU = Release|Any CPU
	EndGlobalSection
	GlobalSection(ProjectConfigurationPlatforms) = postSolution
		{DB1244C7-0183-4647-BD11-34CF26D90FB9}.Debug|Any CPU.ActiveCfg = Debug|Any CPU
		{DB1244C7-0183-4647-BD11-34CF26D90FB9}.Debug|Any CPU.Build.0 = Debug|Any CPU
		{DB1244C7-0183-4647-BD11-34CF26D90FB9}.Release|Any CPU.ActiveCfg = Release|Any CPU
		{DB1244C7-0183-4647-BD11-34CF26D90FB9}.Release|Any CPU.Build.0 = Release|Any CPU
	EndGlobalSection
	GlobalSection(SolutionProperties) = preSolution
		HideSolutionNode = FALSE
	EndGlobalSection
	GlobalSection(ExtensibilityGlobals) = postSolution
		SolutionGuid = {55EA19B2-221E-4F5E-8663-644C1BE21558}
	EndGlobalSection
EndGlobal
